// !$*UTF8*$!
{
	archiveVersion = 1;
	classes = {
	};
	objectVersion = 55;
	objects = {

/* Begin PBXBuildFile section */
		52092B6C2AFD1AD600ED3F4D /* AppDelegate.swift in Sources */ = {isa = PBXBuildFile; fileRef = 52092B6B2AFD1AD600ED3F4D /* AppDelegate.swift */; };
		52092B6E2AFD1AD600ED3F4D /* SceneDelegate.swift in Sources */ = {isa = PBXBuildFile; fileRef = 52092B6D2AFD1AD600ED3F4D /* SceneDelegate.swift */; };
		52092B702AFD1AD600ED3F4D /* NotesViewController.swift in Sources */ = {isa = PBXBuildFile; fileRef = 52092B6F2AFD1AD600ED3F4D /* NotesViewController.swift */; };
		52092B752AFD1AD800ED3F4D /* Assets.xcassets in Resources */ = {isa = PBXBuildFile; fileRef = 52092B742AFD1AD800ED3F4D /* Assets.xcassets */; };
		52092B782AFD1AD800ED3F4D /* LaunchScreen.storyboard in Resources */ = {isa = PBXBuildFile; fileRef = 52092B762AFD1AD800ED3F4D /* LaunchScreen.storyboard */; };
		52092B9C2AFD1B2900ED3F4D /* SecondView.swift in Sources */ = {isa = PBXBuildFile; fileRef = 52092B9B2AFD1B2900ED3F4D /* SecondView.swift */; };
		52092B9E2AFD1CA700ED3F4D /* extension_TF.swift in Sources */ = {isa = PBXBuildFile; fileRef = 52092B9D2AFD1CA700ED3F4D /* extension_TF.swift */; };
		52092BA02AFD212A00ED3F4D /* extension_UILabel.swift in Sources */ = {isa = PBXBuildFile; fileRef = 52092B9F2AFD212A00ED3F4D /* extension_UILabel.swift */; };
		52092BA42AFD25D900ED3F4D /* extension_StackView.swift in Sources */ = {isa = PBXBuildFile; fileRef = 52092BA32AFD25D900ED3F4D /* extension_StackView.swift */; };
		52092BA62AFD2F7500ED3F4D /* extension_Switch.swift in Sources */ = {isa = PBXBuildFile; fileRef = 52092BA52AFD2F7500ED3F4D /* extension_Switch.swift */; };
		52092BA82AFD349900ED3F4D /* Task.swift in Sources */ = {isa = PBXBuildFile; fileRef = 52092BA72AFD349900ED3F4D /* Task.swift */; };
		5226B7EF2B00E9F700B3F582 /* StartView.swift in Sources */ = {isa = PBXBuildFile; fileRef = 5226B7EE2B00E9F700B3F582 /* StartView.swift */; };
		5226B7F12B00EA3000B3F582 /* MainViewController.swift in Sources */ = {isa = PBXBuildFile; fileRef = 5226B7F02B00EA3000B3F582 /* MainViewController.swift */; };
		5226B7FB2B02405B00B3F582 /* extension_UIButton.swift in Sources */ = {isa = PBXBuildFile; fileRef = 5226B7FA2B02405A00B3F582 /* extension_UIButton.swift */; };
		5226B7FD2B024ED300B3F582 /* extension_UiView.swift in Sources */ = {isa = PBXBuildFile; fileRef = 5226B7FC2B024ED300B3F582 /* extension_UiView.swift */; };
		52D03ACF2B0559BE002B20E1 /* NoteTableViewCell.swift in Sources */ = {isa = PBXBuildFile; fileRef = 52D03ACE2B0559BE002B20E1 /* NoteTableViewCell.swift */; };
		52D03AD32B0681D6002B20E1 /* PriorityButtonCollectionViewCell.swift in Sources */ = {isa = PBXBuildFile; fileRef = 52D03AD22B0681D6002B20E1 /* PriorityButtonCollectionViewCell.swift */; };
		52D03AD52B069B12002B20E1 /* PriorityButtonModel.swift in Sources */ = {isa = PBXBuildFile; fileRef = 52D03AD42B069B12002B20E1 /* PriorityButtonModel.swift */; };
/* End PBXBuildFile section */

/* Begin PBXContainerItemProxy section */
		52092B7F2AFD1AD800ED3F4D /* PBXContainerItemProxy */ = {
			isa = PBXContainerItemProxy;
			containerPortal = 52092B602AFD1AD600ED3F4D /* Project object */;
			proxyType = 1;
			remoteGlobalIDString = 52092B672AFD1AD600ED3F4D;
			remoteInfo = "lesson3 dz";
		};
		52092B892AFD1AD800ED3F4D /* PBXContainerItemProxy */ = {
			isa = PBXContainerItemProxy;
			containerPortal = 52092B602AFD1AD600ED3F4D /* Project object */;
			proxyType = 1;
			remoteGlobalIDString = 52092B672AFD1AD600ED3F4D;
			remoteInfo = "lesson3 dz";
		};
/* End PBXContainerItemProxy section */

/* Begin PBXFileReference section */
		52092B682AFD1AD600ED3F4D /* lesson3 dz.app */ = {isa = PBXFileReference; explicitFileType = wrapper.application; includeInIndex = 0; path = "lesson3 dz.app"; sourceTree = BUILT_PRODUCTS_DIR; };
		52092B6B2AFD1AD600ED3F4D /* AppDelegate.swift */ = {isa = PBXFileReference; lastKnownFileType = sourcecode.swift; path = AppDelegate.swift; sourceTree = "<group>"; };
		52092B6D2AFD1AD600ED3F4D /* SceneDelegate.swift */ = {isa = PBXFileReference; lastKnownFileType = sourcecode.swift; path = SceneDelegate.swift; sourceTree = "<group>"; };
		52092B6F2AFD1AD600ED3F4D /* NotesViewController.swift */ = {isa = PBXFileReference; lastKnownFileType = sourcecode.swift; path = NotesViewController.swift; sourceTree = "<group>"; };
		52092B742AFD1AD800ED3F4D /* Assets.xcassets */ = {isa = PBXFileReference; lastKnownFileType = folder.assetcatalog; path = Assets.xcassets; sourceTree = "<group>"; };
		52092B772AFD1AD800ED3F4D /* Base */ = {isa = PBXFileReference; lastKnownFileType = file.storyboard; name = Base; path = Base.lproj/LaunchScreen.storyboard; sourceTree = "<group>"; };
		52092B792AFD1AD800ED3F4D /* Info.plist */ = {isa = PBXFileReference; lastKnownFileType = text.plist.xml; path = Info.plist; sourceTree = "<group>"; };
		52092B7E2AFD1AD800ED3F4D /* lesson3 dzTests.xctest */ = {isa = PBXFileReference; explicitFileType = wrapper.cfbundle; includeInIndex = 0; path = "lesson3 dzTests.xctest"; sourceTree = BUILT_PRODUCTS_DIR; };
		52092B882AFD1AD800ED3F4D /* lesson3 dzUITests.xctest */ = {isa = PBXFileReference; explicitFileType = wrapper.cfbundle; includeInIndex = 0; path = "lesson3 dzUITests.xctest"; sourceTree = BUILT_PRODUCTS_DIR; };
		52092B9B2AFD1B2900ED3F4D /* SecondView.swift */ = {isa = PBXFileReference; lastKnownFileType = sourcecode.swift; path = SecondView.swift; sourceTree = "<group>"; };
		52092B9D2AFD1CA700ED3F4D /* extension_TF.swift */ = {isa = PBXFileReference; lastKnownFileType = sourcecode.swift; path = extension_TF.swift; sourceTree = "<group>"; };
		52092B9F2AFD212A00ED3F4D /* extension_UILabel.swift */ = {isa = PBXFileReference; lastKnownFileType = sourcecode.swift; path = extension_UILabel.swift; sourceTree = "<group>"; };
		52092BA32AFD25D900ED3F4D /* extension_StackView.swift */ = {isa = PBXFileReference; lastKnownFileType = sourcecode.swift; path = extension_StackView.swift; sourceTree = "<group>"; };
		52092BA52AFD2F7500ED3F4D /* extension_Switch.swift */ = {isa = PBXFileReference; lastKnownFileType = sourcecode.swift; path = extension_Switch.swift; sourceTree = "<group>"; };
		52092BA72AFD349900ED3F4D /* Task.swift */ = {isa = PBXFileReference; lastKnownFileType = sourcecode.swift; path = Task.swift; sourceTree = "<group>"; };
		5226B7EE2B00E9F700B3F582 /* StartView.swift */ = {isa = PBXFileReference; lastKnownFileType = sourcecode.swift; path = StartView.swift; sourceTree = "<group>"; };
		5226B7F02B00EA3000B3F582 /* MainViewController.swift */ = {isa = PBXFileReference; lastKnownFileType = sourcecode.swift; path = MainViewController.swift; sourceTree = "<group>"; };
		5226B7FA2B02405A00B3F582 /* extension_UIButton.swift */ = {isa = PBXFileReference; lastKnownFileType = sourcecode.swift; path = extension_UIButton.swift; sourceTree = "<group>"; };
		5226B7FC2B024ED300B3F582 /* extension_UiView.swift */ = {isa = PBXFileReference; lastKnownFileType = sourcecode.swift; path = extension_UiView.swift; sourceTree = "<group>"; };
		52D03ACE2B0559BE002B20E1 /* NoteTableViewCell.swift */ = {isa = PBXFileReference; lastKnownFileType = sourcecode.swift; path = NoteTableViewCell.swift; sourceTree = "<group>"; };
		52D03AD22B0681D6002B20E1 /* PriorityButtonCollectionViewCell.swift */ = {isa = PBXFileReference; lastKnownFileType = sourcecode.swift; path = PriorityButtonCollectionViewCell.swift; sourceTree = "<group>"; };
		52D03AD42B069B12002B20E1 /* PriorityButtonModel.swift */ = {isa = PBXFileReference; lastKnownFileType = sourcecode.swift; path = PriorityButtonModel.swift; sourceTree = "<group>"; };
/* End PBXFileReference section */

/* Begin PBXFrameworksBuildPhase section */
		52092B652AFD1AD600ED3F4D /* Frameworks */ = {
			isa = PBXFrameworksBuildPhase;
			buildActionMask = 2147483647;
			files = (
			);
			runOnlyForDeploymentPostprocessing = 0;
		};
		52092B7B2AFD1AD800ED3F4D /* Frameworks */ = {
			isa = PBXFrameworksBuildPhase;
			buildActionMask = 2147483647;
			files = (
			);
			runOnlyForDeploymentPostprocessing = 0;
		};
		52092B852AFD1AD800ED3F4D /* Frameworks */ = {
			isa = PBXFrameworksBuildPhase;
			buildActionMask = 2147483647;
			files = (
			);
			runOnlyForDeploymentPostprocessing = 0;
		};
/* End PBXFrameworksBuildPhase section */

/* Begin PBXGroup section */
		52092B5F2AFD1AD600ED3F4D = {
			isa = PBXGroup;
			children = (
				52092B6A2AFD1AD600ED3F4D /* lesson3 dz */,
				52092B692AFD1AD600ED3F4D /* Products */,
			);
			sourceTree = "<group>";
		};
		52092B692AFD1AD600ED3F4D /* Products */ = {
			isa = PBXGroup;
			children = (
				52092B682AFD1AD600ED3F4D /* lesson3 dz.app */,
				52092B7E2AFD1AD800ED3F4D /* lesson3 dzTests.xctest */,
				52092B882AFD1AD800ED3F4D /* lesson3 dzUITests.xctest */,
			);
			name = Products;
			sourceTree = "<group>";
		};
		52092B6A2AFD1AD600ED3F4D /* lesson3 dz */ = {
			isa = PBXGroup;
			children = (
				52092B6B2AFD1AD600ED3F4D /* AppDelegate.swift */,
				52092B6D2AFD1AD600ED3F4D /* SceneDelegate.swift */,
				52092BA92AFD34D300ED3F4D /* Model */,
				52092BA22AFD222A00ED3F4D /* View */,
				52092BAA2AFD35B100ED3F4D /* Controller */,
				52092BA12AFD21FA00ED3F4D /* extension */,
				52092B742AFD1AD800ED3F4D /* Assets.xcassets */,
				52092B762AFD1AD800ED3F4D /* LaunchScreen.storyboard */,
				52092B792AFD1AD800ED3F4D /* Info.plist */,
			);
			path = "lesson3 dz";
			sourceTree = "<group>";
		};
		52092BA12AFD21FA00ED3F4D /* extension */ = {
			isa = PBXGroup;
			children = (
				52092B9D2AFD1CA700ED3F4D /* extension_TF.swift */,
				52092BA52AFD2F7500ED3F4D /* extension_Switch.swift */,
				52092B9F2AFD212A00ED3F4D /* extension_UILabel.swift */,
				52092BA32AFD25D900ED3F4D /* extension_StackView.swift */,
				5226B7FA2B02405A00B3F582 /* extension_UIButton.swift */,
				5226B7FC2B024ED300B3F582 /* extension_UiView.swift */,
			);
			path = extension;
			sourceTree = "<group>";
		};
		52092BA22AFD222A00ED3F4D /* View */ = {
			isa = PBXGroup;
			children = (
				52092B9B2AFD1B2900ED3F4D /* SecondView.swift */,
				5226B7EE2B00E9F700B3F582 /* StartView.swift */,
				52D03ACE2B0559BE002B20E1 /* NoteTableViewCell.swift */,
				52D03AD22B0681D6002B20E1 /* PriorityButtonCollectionViewCell.swift */,
			);
			path = View;
			sourceTree = "<group>";
		};
		52092BA92AFD34D300ED3F4D /* Model */ = {
			isa = PBXGroup;
			children = (
				52092BA72AFD349900ED3F4D /* Task.swift */,
				52D03AD42B069B12002B20E1 /* PriorityButtonModel.swift */,
			);
			path = Model;
			sourceTree = "<group>";
		};
		52092BAA2AFD35B100ED3F4D /* Controller */ = {
			isa = PBXGroup;
			children = (
				52092B6F2AFD1AD600ED3F4D /* NotesViewController.swift */,
				5226B7F02B00EA3000B3F582 /* MainViewController.swift */,
			);
			path = Controller;
			sourceTree = "<group>";
		};
/* End PBXGroup section */

/* Begin PBXNativeTarget section */
		52092B672AFD1AD600ED3F4D /* lesson3 dz */ = {
			isa = PBXNativeTarget;
			buildConfigurationList = 52092B922AFD1AD800ED3F4D /* Build configuration list for PBXNativeTarget "lesson3 dz" */;
			buildPhases = (
				52092B642AFD1AD600ED3F4D /* Sources */,
				52092B652AFD1AD600ED3F4D /* Frameworks */,
				52092B662AFD1AD600ED3F4D /* Resources */,
			);
			buildRules = (
			);
			dependencies = (
			);
			name = "lesson3 dz";
			productName = "lesson3 dz";
			productReference = 52092B682AFD1AD600ED3F4D /* lesson3 dz.app */;
			productType = "com.apple.product-type.application";
		};
		52092B7D2AFD1AD800ED3F4D /* lesson3 dzTests */ = {
			isa = PBXNativeTarget;
			buildConfigurationList = 52092B952AFD1AD800ED3F4D /* Build configuration list for PBXNativeTarget "lesson3 dzTests" */;
			buildPhases = (
				52092B7A2AFD1AD800ED3F4D /* Sources */,
				52092B7B2AFD1AD800ED3F4D /* Frameworks */,
				52092B7C2AFD1AD800ED3F4D /* Resources */,
			);
			buildRules = (
			);
			dependencies = (
				52092B802AFD1AD800ED3F4D /* PBXTargetDependency */,
			);
			name = "lesson3 dzTests";
			productName = "lesson3 dzTests";
			productReference = 52092B7E2AFD1AD800ED3F4D /* lesson3 dzTests.xctest */;
			productType = "com.apple.product-type.bundle.unit-test";
		};
		52092B872AFD1AD800ED3F4D /* lesson3 dzUITests */ = {
			isa = PBXNativeTarget;
			buildConfigurationList = 52092B982AFD1AD800ED3F4D /* Build configuration list for PBXNativeTarget "lesson3 dzUITests" */;
			buildPhases = (
				52092B842AFD1AD800ED3F4D /* Sources */,
				52092B852AFD1AD800ED3F4D /* Frameworks */,
				52092B862AFD1AD800ED3F4D /* Resources */,
			);
			buildRules = (
			);
			dependencies = (
				52092B8A2AFD1AD800ED3F4D /* PBXTargetDependency */,
			);
			name = "lesson3 dzUITests";
			productName = "lesson3 dzUITests";
			productReference = 52092B882AFD1AD800ED3F4D /* lesson3 dzUITests.xctest */;
			productType = "com.apple.product-type.bundle.ui-testing";
		};
/* End PBXNativeTarget section */

/* Begin PBXProject section */
		52092B602AFD1AD600ED3F4D /* Project object */ = {
			isa = PBXProject;
			attributes = {
				BuildIndependentTargetsInParallel = 1;
				LastSwiftUpdateCheck = 1320;
				LastUpgradeCheck = 1320;
				TargetAttributes = {
					52092B672AFD1AD600ED3F4D = {
						CreatedOnToolsVersion = 13.2.1;
					};
					52092B7D2AFD1AD800ED3F4D = {
						CreatedOnToolsVersion = 13.2.1;
						TestTargetID = 52092B672AFD1AD600ED3F4D;
					};
					52092B872AFD1AD800ED3F4D = {
						CreatedOnToolsVersion = 13.2.1;
						TestTargetID = 52092B672AFD1AD600ED3F4D;
					};
				};
			};
			buildConfigurationList = 52092B632AFD1AD600ED3F4D /* Build configuration list for PBXProject "lesson3 dz" */;
			compatibilityVersion = "Xcode 13.0";
			developmentRegion = en;
			hasScannedForEncodings = 0;
			knownRegions = (
				en,
				Base,
			);
			mainGroup = 52092B5F2AFD1AD600ED3F4D;
			productRefGroup = 52092B692AFD1AD600ED3F4D /* Products */;
			projectDirPath = "";
			projectRoot = "";
			targets = (
				52092B672AFD1AD600ED3F4D /* lesson3 dz */,
				52092B7D2AFD1AD800ED3F4D /* lesson3 dzTests */,
				52092B872AFD1AD800ED3F4D /* lesson3 dzUITests */,
			);
		};
/* End PBXProject section */

/* Begin PBXResourcesBuildPhase section */
		52092B662AFD1AD600ED3F4D /* Resources */ = {
			isa = PBXResourcesBuildPhase;
			buildActionMask = 2147483647;
			files = (
				52092B782AFD1AD800ED3F4D /* LaunchScreen.storyboard in Resources */,
				52092B752AFD1AD800ED3F4D /* Assets.xcassets in Resources */,
			);
			runOnlyForDeploymentPostprocessing = 0;
		};
		52092B7C2AFD1AD800ED3F4D /* Resources */ = {
			isa = PBXResourcesBuildPhase;
			buildActionMask = 2147483647;
			files = (
			);
			runOnlyForDeploymentPostprocessing = 0;
		};
		52092B862AFD1AD800ED3F4D /* Resources */ = {
			isa = PBXResourcesBuildPhase;
			buildActionMask = 2147483647;
			files = (
			);
			runOnlyForDeploymentPostprocessing = 0;
		};
/* End PBXResourcesBuildPhase section */

/* Begin PBXSourcesBuildPhase section */
		52092B642AFD1AD600ED3F4D /* Sources */ = {
			isa = PBXSourcesBuildPhase;
			buildActionMask = 2147483647;
			files = (
				52092B702AFD1AD600ED3F4D /* NotesViewController.swift in Sources */,
				52D03ACF2B0559BE002B20E1 /* NoteTableViewCell.swift in Sources */,
				5226B7EF2B00E9F700B3F582 /* StartView.swift in Sources */,
				52092B6C2AFD1AD600ED3F4D /* AppDelegate.swift in Sources */,
				5226B7FD2B024ED300B3F582 /* extension_UiView.swift in Sources */,
				52092B6E2AFD1AD600ED3F4D /* SceneDelegate.swift in Sources */,
				52092BA42AFD25D900ED3F4D /* extension_StackView.swift in Sources */,
				5226B7F12B00EA3000B3F582 /* MainViewController.swift in Sources */,
				52092B9E2AFD1CA700ED3F4D /* extension_TF.swift in Sources */,
				52092B9C2AFD1B2900ED3F4D /* SecondView.swift in Sources */,
				52092BA02AFD212A00ED3F4D /* extension_UILabel.swift in Sources */,
				52D03AD32B0681D6002B20E1 /* PriorityButtonCollectionViewCell.swift in Sources */,
				52092BA82AFD349900ED3F4D /* Task.swift in Sources */,
				52092BA62AFD2F7500ED3F4D /* extension_Switch.swift in Sources */,
				5226B7FB2B02405B00B3F582 /* extension_UIButton.swift in Sources */,
				52D03AD52B069B12002B20E1 /* PriorityButtonModel.swift in Sources */,
			);
			runOnlyForDeploymentPostprocessing = 0;
		};
		52092B7A2AFD1AD800ED3F4D /* Sources */ = {
			isa = PBXSourcesBuildPhase;
			buildActionMask = 2147483647;
			files = (
			);
			runOnlyForDeploymentPostprocessing = 0;
		};
		52092B842AFD1AD800ED3F4D /* Sources */ = {
			isa = PBXSourcesBuildPhase;
			buildActionMask = 2147483647;
			files = (
			);
			runOnlyForDeploymentPostprocessing = 0;
		};
/* End PBXSourcesBuildPhase section */

/* Begin PBXTargetDependency section */
		52092B802AFD1AD800ED3F4D /* PBXTargetDependency */ = {
			isa = PBXTargetDependency;
			target = 52092B672AFD1AD600ED3F4D /* lesson3 dz */;
			targetProxy = 52092B7F2AFD1AD800ED3F4D /* PBXContainerItemProxy */;
		};
		52092B8A2AFD1AD800ED3F4D /* PBXTargetDependency */ = {
			isa = PBXTargetDependency;
			target = 52092B672AFD1AD600ED3F4D /* lesson3 dz */;
			targetProxy = 52092B892AFD1AD800ED3F4D /* PBXContainerItemProxy */;
		};
/* End PBXTargetDependency section */

/* Begin PBXVariantGroup section */
		52092B762AFD1AD800ED3F4D /* LaunchScreen.storyboard */ = {
			isa = PBXVariantGroup;
			children = (
				52092B772AFD1AD800ED3F4D /* Base */,
			);
			name = LaunchScreen.storyboard;
			sourceTree = "<group>";
		};
/* End PBXVariantGroup section */

/* Begin XCBuildConfiguration section */
		52092B902AFD1AD800ED3F4D /* Debug */ = {
			isa = XCBuildConfiguration;
			buildSettings = {
				ALWAYS_SEARCH_USER_PATHS = NO;
				CLANG_ANALYZER_NONNULL = YES;
				CLANG_ANALYZER_NUMBER_OBJECT_CONVERSION = YES_AGGRESSIVE;
				CLANG_CXX_LANGUAGE_STANDARD = "gnu++17";
				CLANG_CXX_LIBRARY = "libc++";
				CLANG_ENABLE_MODULES = YES;
				CLANG_ENABLE_OBJC_ARC = YES;
				CLANG_ENABLE_OBJC_WEAK = YES;
				CLANG_WARN_BLOCK_CAPTURE_AUTORELEASING = YES;
				CLANG_WARN_BOOL_CONVERSION = YES;
				CLANG_WARN_COMMA = YES;
				CLANG_WARN_CONSTANT_CONVERSION = YES;
				CLANG_WARN_DEPRECATED_OBJC_IMPLEMENTATIONS = YES;
				CLANG_WARN_DIRECT_OBJC_ISA_USAGE = YES_ERROR;
				CLANG_WARN_DOCUMENTATION_COMMENTS = YES;
				CLANG_WARN_EMPTY_BODY = YES;
				CLANG_WARN_ENUM_CONVERSION = YES;
				CLANG_WARN_INFINITE_RECURSION = YES;
				CLANG_WARN_INT_CONVERSION = YES;
				CLANG_WARN_NON_LITERAL_NULL_CONVERSION = YES;
				CLANG_WARN_OBJC_IMPLICIT_RETAIN_SELF = YES;
				CLANG_WARN_OBJC_LITERAL_CONVERSION = YES;
				CLANG_WARN_OBJC_ROOT_CLASS = YES_ERROR;
				CLANG_WARN_QUOTED_INCLUDE_IN_FRAMEWORK_HEADER = YES;
				CLANG_WARN_RANGE_LOOP_ANALYSIS = YES;
				CLANG_WARN_STRICT_PROTOTYPES = YES;
				CLANG_WARN_SUSPICIOUS_MOVE = YES;
				CLANG_WARN_UNGUARDED_AVAILABILITY = YES_AGGRESSIVE;
				CLANG_WARN_UNREACHABLE_CODE = YES;
				CLANG_WARN__DUPLICATE_METHOD_MATCH = YES;
				COPY_PHASE_STRIP = NO;
				DEBUG_INFORMATION_FORMAT = dwarf;
				ENABLE_STRICT_OBJC_MSGSEND = YES;
				ENABLE_TESTABILITY = YES;
				GCC_C_LANGUAGE_STANDARD = gnu11;
				GCC_DYNAMIC_NO_PIC = NO;
				GCC_NO_COMMON_BLOCKS = YES;
				GCC_OPTIMIZATION_LEVEL = 0;
				GCC_PREPROCESSOR_DEFINITIONS = (
					"DEBUG=1",
					"$(inherited)",
				);
				GCC_WARN_64_TO_32_BIT_CONVERSION = YES;
				GCC_WARN_ABOUT_RETURN_TYPE = YES_ERROR;
				GCC_WARN_UNDECLARED_SELECTOR = YES;
				GCC_WARN_UNINITIALIZED_AUTOS = YES_AGGRESSIVE;
				GCC_WARN_UNUSED_FUNCTION = YES;
				GCC_WARN_UNUSED_VARIABLE = YES;
				IPHONEOS_DEPLOYMENT_TARGET = 15.2;
				MTL_ENABLE_DEBUG_INFO = INCLUDE_SOURCE;
				MTL_FAST_MATH = YES;
				ONLY_ACTIVE_ARCH = YES;
				SDKROOT = iphoneos;
				SWIFT_ACTIVE_COMPILATION_CONDITIONS = DEBUG;
				SWIFT_OPTIMIZATION_LEVEL = "-Onone";
			};
			name = Debug;
		};
		52092B912AFD1AD800ED3F4D /* Release */ = {
			isa = XCBuildConfiguration;
			buildSettings = {
				ALWAYS_SEARCH_USER_PATHS = NO;
				CLANG_ANALYZER_NONNULL = YES;
				CLANG_ANALYZER_NUMBER_OBJECT_CONVERSION = YES_AGGRESSIVE;
				CLANG_CXX_LANGUAGE_STANDARD = "gnu++17";
				CLANG_CXX_LIBRARY = "libc++";
				CLANG_ENABLE_MODULES = YES;
				CLANG_ENABLE_OBJC_ARC = YES;
				CLANG_ENABLE_OBJC_WEAK = YES;
				CLANG_WARN_BLOCK_CAPTURE_AUTORELEASING = YES;
				CLANG_WARN_BOOL_CONVERSION = YES;
				CLANG_WARN_COMMA = YES;
				CLANG_WARN_CONSTANT_CONVERSION = YES;
				CLANG_WARN_DEPRECATED_OBJC_IMPLEMENTATIONS = YES;
				CLANG_WARN_DIRECT_OBJC_ISA_USAGE = YES_ERROR;
				CLANG_WARN_DOCUMENTATION_COMMENTS = YES;
				CLANG_WARN_EMPTY_BODY = YES;
				CLANG_WARN_ENUM_CONVERSION = YES;
				CLANG_WARN_INFINITE_RECURSION = YES;
				CLANG_WARN_INT_CONVERSION = YES;
				CLANG_WARN_NON_LITERAL_NULL_CONVERSION = YES;
				CLANG_WARN_OBJC_IMPLICIT_RETAIN_SELF = YES;
				CLANG_WARN_OBJC_LITERAL_CONVERSION = YES;
				CLANG_WARN_OBJC_ROOT_CLASS = YES_ERROR;
				CLANG_WARN_QUOTED_INCLUDE_IN_FRAMEWORK_HEADER = YES;
				CLANG_WARN_RANGE_LOOP_ANALYSIS = YES;
				CLANG_WARN_STRICT_PROTOTYPES = YES;
				CLANG_WARN_SUSPICIOUS_MOVE = YES;
				CLANG_WARN_UNGUARDED_AVAILABILITY = YES_AGGRESSIVE;
				CLANG_WARN_UNREACHABLE_CODE = YES;
				CLANG_WARN__DUPLICATE_METHOD_MATCH = YES;
				COPY_PHASE_STRIP = NO;
				DEBUG_INFORMATION_FORMAT = "dwarf-with-dsym";
				ENABLE_NS_ASSERTIONS = NO;
				ENABLE_STRICT_OBJC_MSGSEND = YES;
				GCC_C_LANGUAGE_STANDARD = gnu11;
				GCC_NO_COMMON_BLOCKS = YES;
				GCC_WARN_64_TO_32_BIT_CONVERSION = YES;
				GCC_WARN_ABOUT_RETURN_TYPE = YES_ERROR;
				GCC_WARN_UNDECLARED_SELECTOR = YES;
				GCC_WARN_UNINITIALIZED_AUTOS = YES_AGGRESSIVE;
				GCC_WARN_UNUSED_FUNCTION = YES;
				GCC_WARN_UNUSED_VARIABLE = YES;
				IPHONEOS_DEPLOYMENT_TARGET = 15.2;
				MTL_ENABLE_DEBUG_INFO = NO;
				MTL_FAST_MATH = YES;
				SDKROOT = iphoneos;
				SWIFT_COMPILATION_MODE = wholemodule;
				SWIFT_OPTIMIZATION_LEVEL = "-O";
				VALIDATE_PRODUCT = YES;
			};
			name = Release;
		};
		52092B932AFD1AD800ED3F4D /* Debug */ = {
			isa = XCBuildConfiguration;
			buildSettings = {
				ASSETCATALOG_COMPILER_APPICON_NAME = AppIcon;
				ASSETCATALOG_COMPILER_GLOBAL_ACCENT_COLOR_NAME = AccentColor;
				CODE_SIGN_STYLE = Automatic;
				CURRENT_PROJECT_VERSION = 1;
				GENERATE_INFOPLIST_FILE = YES;
				INFOPLIST_FILE = "lesson3 dz/Info.plist";
				INFOPLIST_KEY_UIApplicationSupportsIndirectInputEvents = YES;
				INFOPLIST_KEY_UILaunchStoryboardName = LaunchScreen;
				INFOPLIST_KEY_UISupportedInterfaceOrientations_iPad = "UIInterfaceOrientationPortrait UIInterfaceOrientationPortraitUpsideDown UIInterfaceOrientationLandscapeLeft UIInterfaceOrientationLandscapeRight";
				INFOPLIST_KEY_UISupportedInterfaceOrientations_iPhone = "UIInterfaceOrientationPortrait UIInterfaceOrientationLandscapeLeft UIInterfaceOrientationLandscapeRight";
				LD_RUNPATH_SEARCH_PATHS = (
					"$(inherited)",
					"@executable_path/Frameworks",
				);
				MARKETING_VERSION = 1.0;
				PRODUCT_BUNDLE_IDENTIFIER = "AS.lesson3-dz";
				PRODUCT_NAME = "$(TARGET_NAME)";
				SWIFT_EMIT_LOC_STRINGS = YES;
				SWIFT_VERSION = 5.0;
				TARGETED_DEVICE_FAMILY = "1,2";
			};
			name = Debug;
		};
		52092B942AFD1AD800ED3F4D /* Release */ = {
			isa = XCBuildConfiguration;
			buildSettings = {
				ASSETCATALOG_COMPILER_APPICON_NAME = AppIcon;
				ASSETCATALOG_COMPILER_GLOBAL_ACCENT_COLOR_NAME = AccentColor;
				CODE_SIGN_STYLE = Automatic;
				CURRENT_PROJECT_VERSION = 1;
				GENERATE_INFOPLIST_FILE = YES;
				INFOPLIST_FILE = "lesson3 dz/Info.plist";
				INFOPLIST_KEY_UIApplicationSupportsIndirectInputEvents = YES;
				INFOPLIST_KEY_UILaunchStoryboardName = LaunchScreen;
				INFOPLIST_KEY_UISupportedInterfaceOrientations_iPad = "UIInterfaceOrientationPortrait UIInterfaceOrientationPortraitUpsideDown UIInterfaceOrientationLandscapeLeft UIInterfaceOrientationLandscapeRight";
				INFOPLIST_KEY_UISupportedInterfaceOrientations_iPhone = "UIInterfaceOrientationPortrait UIInterfaceOrientationLandscapeLeft UIInterfaceOrientationLandscapeRight";
				LD_RUNPATH_SEARCH_PATHS = (
					"$(inherited)",
					"@executable_path/Frameworks",
				);
				MARKETING_VERSION = 1.0;
				PRODUCT_BUNDLE_IDENTIFIER = "AS.lesson3-dz";
				PRODUCT_NAME = "$(TARGET_NAME)";
				SWIFT_EMIT_LOC_STRINGS = YES;
				SWIFT_VERSION = 5.0;
				TARGETED_DEVICE_FAMILY = "1,2";
			};
			name = Release;
		};
		52092B962AFD1AD800ED3F4D /* Debug */ = {
			isa = XCBuildConfiguration;
			buildSettings = {
				ALWAYS_EMBED_SWIFT_STANDARD_LIBRARIES = YES;
				BUNDLE_LOADER = "$(TEST_HOST)";
				CODE_SIGN_STYLE = Automatic;
				CURRENT_PROJECT_VERSION = 1;
				GENERATE_INFOPLIST_FILE = YES;
				IPHONEOS_DEPLOYMENT_TARGET = 15.2;
				MARKETING_VERSION = 1.0;
				PRODUCT_BUNDLE_IDENTIFIER = "AS.lesson3-dzTests";
				PRODUCT_NAME = "$(TARGET_NAME)";
				SWIFT_EMIT_LOC_STRINGS = NO;
				SWIFT_VERSION = 5.0;
				TARGETED_DEVICE_FAMILY = "1,2";
				TEST_HOST = "$(BUILT_PRODUCTS_DIR)/lesson3 dz.app/lesson3 dz";
			};
			name = Debug;
		};
		52092B972AFD1AD800ED3F4D /* Release */ = {
			isa = XCBuildConfiguration;
			buildSettings = {
				ALWAYS_EMBED_SWIFT_STANDARD_LIBRARIES = YES;
				BUNDLE_LOADER = "$(TEST_HOST)";
				CODE_SIGN_STYLE = Automatic;
				CURRENT_PROJECT_VERSION = 1;
				GENERATE_INFOPLIST_FILE = YES;
				IPHONEOS_DEPLOYMENT_TARGET = 15.2;
				MARKETING_VERSION = 1.0;
				PRODUCT_BUNDLE_IDENTIFIER = "AS.lesson3-dzTests";
				PRODUCT_NAME = "$(TARGET_NAME)";
				SWIFT_EMIT_LOC_STRINGS = NO;
				SWIFT_VERSION = 5.0;
				TARGETED_DEVICE_FAMILY = "1,2";
				TEST_HOST = "$(BUILT_PRODUCTS_DIR)/lesson3 dz.app/lesson3 dz";
			};
			name = Release;
		};
		52092B992AFD1AD800ED3F4D /* Debug */ = {
			isa = XCBuildConfiguration;
			buildSettings = {
				ALWAYS_EMBED_SWIFT_STANDARD_LIBRARIES = YES;
				CODE_SIGN_STYLE = Automatic;
				CURRENT_PROJECT_VERSION = 1;
				GENERATE_INFOPLIST_FILE = YES;
				MARKETING_VERSION = 1.0;
				PRODUCT_BUNDLE_IDENTIFIER = "AS.lesson3-dzUITests";
				PRODUCT_NAME = "$(TARGET_NAME)";
				SWIFT_EMIT_LOC_STRINGS = NO;
				SWIFT_VERSION = 5.0;
				TARGETED_DEVICE_FAMILY = "1,2";
				TEST_TARGET_NAME = "lesson3 dz";
			};
			name = Debug;
		};
		52092B9A2AFD1AD800ED3F4D /* Release */ = {
			isa = XCBuildConfiguration;
			buildSettings = {
				ALWAYS_EMBED_SWIFT_STANDARD_LIBRARIES = YES;
				CODE_SIGN_STYLE = Automatic;
				CURRENT_PROJECT_VERSION = 1;
				GENERATE_INFOPLIST_FILE = YES;
				MARKETING_VERSION = 1.0;
				PRODUCT_BUNDLE_IDENTIFIER = "AS.lesson3-dzUITests";
				PRODUCT_NAME = "$(TARGET_NAME)";
				SWIFT_EMIT_LOC_STRINGS = NO;
				SWIFT_VERSION = 5.0;
				TARGETED_DEVICE_FAMILY = "1,2";
				TEST_TARGET_NAME = "lesson3 dz";
			};
			name = Release;
		};
/* End XCBuildConfiguration section */

/* Begin XCConfigurationList section */
		52092B632AFD1AD600ED3F4D /* Build configuration list for PBXProject "lesson3 dz" */ = {
			isa = XCConfigurationList;
			buildConfigurations = (
				52092B902AFD1AD800ED3F4D /* Debug */,
				52092B912AFD1AD800ED3F4D /* Release */,
			);
			defaultConfigurationIsVisible = 0;
			defaultConfigurationName = Release;
		};
		52092B922AFD1AD800ED3F4D /* Build configuration list for PBXNativeTarget "lesson3 dz" */ = {
			isa = XCConfigurationList;
			buildConfigurations = (
				52092B932AFD1AD800ED3F4D /* Debug */,
				52092B942AFD1AD800ED3F4D /* Release */,
			);
			defaultConfigurationIsVisible = 0;
			defaultConfigurationName = Release;
		};
		52092B952AFD1AD800ED3F4D /* Build configuration list for PBXNativeTarget "lesson3 dzTests" */ = {
			isa = XCConfigurationList;
			buildConfigurations = (
				52092B962AFD1AD800ED3F4D /* Debug */,
				52092B972AFD1AD800ED3F4D /* Release */,
			);
			defaultConfigurationIsVisible = 0;
			defaultConfigurationName = Release;
		};
		52092B982AFD1AD800ED3F4D /* Build configuration list for PBXNativeTarget "lesson3 dzUITests" */ = {
			isa = XCConfigurationList;
			buildConfigurations = (
				52092B992AFD1AD800ED3F4D /* Debug */,
				52092B9A2AFD1AD800ED3F4D /* Release */,
			);
			defaultConfigurationIsVisible = 0;
			defaultConfigurationName = Release;
		};
/* End XCConfigurationList section */
	};
	rootObject = 52092B602AFD1AD600ED3F4D /* Project object */;
}
